version: '1.0'
image: minesweeper:dev@sha256:7cf2130443a38aef55961cdd80172a3d01e5b0468f8330ea6b7d0ebed5b522b3
build:
  generatedAt: '2025-08-28T00:18:35.683443Z'
  hudVersion: 0.4.10
  directory: minesweeper
  version: 0.1.13
environment:
  initializeMs: 1851
  toolCount: 5
tools:
- name: setup
  description: "Required for HUD environments. Initialize a new minesweeper game.\n\
    \nArgs:\n    rows: Number of rows on the board (default: 9)\n    cols: Number\
    \ of columns on the board (default: 9) \n    num_mines: Number of mines to place\
    \ (default: 10)\n\nReturns:\n    Game setup status and initial board state"
- name: reveal
  description: "Reveal a cell on the minesweeper board.\n\nArgs:\n    row: Row coordinate\
    \ (0-based)\n    col: Column coordinate (0-based)\n\nReturns:\n    Result of the\
    \ reveal action and updated board state"
- name: flag
  description: "Flag or unflag a cell on the minesweeper board.\n\nArgs:\n    row:\
    \ Row coordinate (0-based)\n    col: Column coordinate (0-based)\n\nReturns:\n\
    \    Result of the flag action and updated board state"
- name: get_board
  description: "Get the current state of the minesweeper board.\n\nReturns:\n    Current\
    \ board display with game status information"
- name: evaluate
  description: "Required for HUD environments. Return current game state for evaluation.\n\
    \nReturns:\n    Dictionary with game performance metrics"
