version: '1.0'
image: minesweeper:dev@sha256:d50495acda2d1f2810417cd8f2f75378ea992d3a4d31a1c859ff4a7e5672bc28
build:
  generatedAt: '2025-08-26T03:27:41.371602Z'
  hudVersion: 0.4.1
  directory: minesweeper
environment:
  initializeMs: 1605
  toolCount: 5
tools:
- name: setup
  description: "Required for HUD environments. Initialize a new minesweeper game.\n\
    \nArgs:\n    rows: Number of rows on the board (default: 9)\n    cols: Number\
    \ of columns on the board (default: 9) \n    num_mines: Number of mines to place\
    \ (default: 10)\n\nReturns:\n    Game setup status and initial board state"
- name: reveal
  description: "Reveal a cell on the minesweeper board.\n\nArgs:\n    row: Row coordinate\
    \ (0-based)\n    col: Column coordinate (0-based)\n\nReturns:\n    Result of the\
    \ reveal action and updated board state"
- name: flag
  description: "Flag or unflag a cell on the minesweeper board.\n\nArgs:\n    row:\
    \ Row coordinate (0-based)\n    col: Column coordinate (0-based)\n\nReturns:\n\
    \    Result of the flag action and updated board state"
- name: get_board
  description: "Get the current state of the minesweeper board.\n\nReturns:\n    Current\
    \ board display with game status information"
- name: evaluate
  description: "Required for HUD environments. Return current game state for evaluation.\n\
    \nReturns:\n    Dictionary with game performance metrics"
